
Microsoft Visual Studio Solution File, Format Version 12.00
# Visual Studio Version 17
VisualStudioVersion = 17.5.33530.505
MinimumVisualStudioVersion = 10.0.40219.1
Project("{9A19103F-16F7-4668-BE54-9A1E7A4F7556}") = "EmployeeDemo", "EmployeeDemo\EmployeeDemo.csproj", "{A57E1EFA-C54A-49E2-B1E6-01A6A84C5AA5}"
EndProject
Project("{9A19103F-16F7-4668-BE54-9A1E7A4F7556}") = "EmployeeDemo.DataAccess", "EmployeeDemo.DataAccess\EmployeeDemo.DataAccess.csproj", "{EA5B7A1A-ECF3-42EF-B7C3-0894096F2831}"
EndProject
Project("{9A19103F-16F7-4668-BE54-9A1E7A4F7556}") = "EmployeeDemo.Core", "EmployeeDemo.Core\EmployeeDemo.Core.csproj", "{94ACD4E9-6FD9-4DEE-A69E-DA289E2651D4}"
EndProject
Project("{9A19103F-16F7-4668-BE54-9A1E7A4F7556}") = "EmployeeDemo.Database", "EmployeeDemo.Database\EmployeeDemo.Database.csproj", "{CC133B7C-65DA-4DA1-8A28-8575B7CBD93B}"
EndProject
Project("{9A19103F-16F7-4668-BE54-9A1E7A4F7556}") = "EmployeeDemo.Test", "EmployeeDemo.Test\EmployeeDemo.Test.csproj", "{A0EAE381-660C-47CB-AB66-E66BFAB16062}"
EndProject
Project("{FAE04EC0-301F-11D3-BF4B-00C04F79EFBC}") = "FormCodeGenerator", "FormCodeGenerator\FormCodeGenerator.csproj", "{C02C5171-B8FE-479C-B81A-001BA5F2287D}"
EndProject
Global
	GlobalSection(SolutionConfigurationPlatforms) = preSolution
		Debug|Any CPU = Debug|Any CPU
		Release|Any CPU = Release|Any CPU
	EndGlobalSection
	GlobalSection(ProjectConfigurationPlatforms) = postSolution
		{A57E1EFA-C54A-49E2-B1E6-01A6A84C5AA5}.Debug|Any CPU.ActiveCfg = Debug|Any CPU
		{A57E1EFA-C54A-49E2-B1E6-01A6A84C5AA5}.Debug|Any CPU.Build.0 = Debug|Any CPU
		{A57E1EFA-C54A-49E2-B1E6-01A6A84C5AA5}.Release|Any CPU.ActiveCfg = Release|Any CPU
		{A57E1EFA-C54A-49E2-B1E6-01A6A84C5AA5}.Release|Any CPU.Build.0 = Release|Any CPU
		{EA5B7A1A-ECF3-42EF-B7C3-0894096F2831}.Debug|Any CPU.ActiveCfg = Debug|Any CPU
		{EA5B7A1A-ECF3-42EF-B7C3-0894096F2831}.Debug|Any CPU.Build.0 = Debug|Any CPU
		{EA5B7A1A-ECF3-42EF-B7C3-0894096F2831}.Release|Any CPU.ActiveCfg = Release|Any CPU
		{EA5B7A1A-ECF3-42EF-B7C3-0894096F2831}.Release|Any CPU.Build.0 = Release|Any CPU
		{94ACD4E9-6FD9-4DEE-A69E-DA289E2651D4}.Debug|Any CPU.ActiveCfg = Debug|Any CPU
		{94ACD4E9-6FD9-4DEE-A69E-DA289E2651D4}.Debug|Any CPU.Build.0 = Debug|Any CPU
		{94ACD4E9-6FD9-4DEE-A69E-DA289E2651D4}.Release|Any CPU.ActiveCfg = Release|Any CPU
		{94ACD4E9-6FD9-4DEE-A69E-DA289E2651D4}.Release|Any CPU.Build.0 = Release|Any CPU
		{CC133B7C-65DA-4DA1-8A28-8575B7CBD93B}.Debug|Any CPU.ActiveCfg = Debug|Any CPU
		{CC133B7C-65DA-4DA1-8A28-8575B7CBD93B}.Debug|Any CPU.Build.0 = Debug|Any CPU
		{CC133B7C-65DA-4DA1-8A28-8575B7CBD93B}.Release|Any CPU.ActiveCfg = Release|Any CPU
		{CC133B7C-65DA-4DA1-8A28-8575B7CBD93B}.Release|Any CPU.Build.0 = Release|Any CPU
		{A0EAE381-660C-47CB-AB66-E66BFAB16062}.Debug|Any CPU.ActiveCfg = Debug|Any CPU
		{A0EAE381-660C-47CB-AB66-E66BFAB16062}.Debug|Any CPU.Build.0 = Debug|Any CPU
		{A0EAE381-660C-47CB-AB66-E66BFAB16062}.Release|Any CPU.ActiveCfg = Release|Any CPU
		{A0EAE381-660C-47CB-AB66-E66BFAB16062}.Release|Any CPU.Build.0 = Release|Any CPU
		{C02C5171-B8FE-479C-B81A-001BA5F2287D}.Debug|Any CPU.ActiveCfg = Debug|Any CPU
		{C02C5171-B8FE-479C-B81A-001BA5F2287D}.Debug|Any CPU.Build.0 = Debug|Any CPU
		{C02C5171-B8FE-479C-B81A-001BA5F2287D}.Release|Any CPU.ActiveCfg = Release|Any CPU
		{C02C5171-B8FE-479C-B81A-001BA5F2287D}.Release|Any CPU.Build.0 = Release|Any CPU
	EndGlobalSection
	GlobalSection(SolutionProperties) = preSolution
		HideSolutionNode = FALSE
	EndGlobalSection
	GlobalSection(ExtensibilityGlobals) = postSolution
		SolutionGuid = {17447D31-8BD8-4B6A-8C61-373CAE9D1B48}
	EndGlobalSection
EndGlobal
